Microsoft Visual Studio Solution File, Format Version 12.00
# Visual Studio Version 17
VisualStudioVersion = 17.5.2.0
MinimumVisualStudioVersion = 10.0.40219.1
Project("{FAE04EC0-301F-11D3-BF4B-00C04F79EFBC}") = "SampahDetection", "SampahDetection\SampahDetection.csproj", "{22EF2ECA-5306-2F82-FCDC-6ADD6F4C286A}"
EndProject
Global
	GlobalSection(SolutionConfigurationPlatforms) = preSolution
		Debug|Any CPU = Debug|Any CPU
		Release|Any CPU = Release|Any CPU
	EndGlobalSection
	GlobalSection(ProjectConfigurationPlatforms) = postSolution
		{22EF2ECA-5306-2F82-FCDC-6ADD6F4C286A}.Debug|Any CPU.ActiveCfg = Debug|Any CPU
		{22EF2ECA-5306-2F82-FCDC-6ADD6F4C286A}.Debug|Any CPU.Build.0 = Debug|Any CPU
		{22EF2ECA-5306-2F82-FCDC-6ADD6F4C286A}.Release|Any CPU.ActiveCfg = Release|Any CPU
		{22EF2ECA-5306-2F82-FCDC-6ADD6F4C286A}.Release|Any CPU.Build.0 = Release|Any CPU
	EndGlobalSection
	GlobalSection(SolutionProperties) = preSolution
		HideSolutionNode = FALSE
	EndGlobalSection
	GlobalSection(ExtensibilityGlobals) = postSolution
		SolutionGuid = {8C484714-DDFF-494B-99E6-E8E674B930D5}
	EndGlobalSection
EndGlobal
